{
  "name": "@signalk/anchor-watch-dotnet",
  "version": "0.1.0",
  "lockfileVersion": 3,
  "requires": true,
  "packages": {
    "": {
      "name": "@signalk/anchor-watch-dotnet",
      "version": "0.1.0",
      "license": "Apache-2.0",
      "dependencies": {
        "@bytecodealliance/preview2-shim": "^0.17.5"
      },
      "devDependencies": {}
    },
    "node_modules/@bytecodealliance/preview2-shim": {
      "version": "0.17.5",
      "resolved": "https://registry.npmjs.org/@bytecodealliance/preview2-shim/-/preview2-shim-0.17.5.tgz",
      "integrity": "sha512-F4WYVC6aHOiOXSsG3WDGFALrkpb952+9/EIX119qIzDtYgE5tvbOnKeBb0Y+NMzGEsu3334GdHIRXQ6wibY0MA==",
      "license": "(Apache-2.0 WITH LLVM-exception)"
    }
  }
}
