{
  "name": "@signalk/hello-assemblyscript",
  "version": "0.1.0",
  "lockfileVersion": 3,
  "requires": true,
  "packages": {
    "": {
      "name": "@signalk/hello-assemblyscript",
      "version": "0.1.0",
      "license": "Apache-2.0",
      "dependencies": {
        "signalk-assemblyscript-plugin-sdk": "^0.1.0"
      },
      "devDependencies": {
        "assemblyscript": "^0.27.0"
      }
    },
    "../../../packages/assemblyscript-plugin-sdk": {
      "name": "@signalk/assemblyscript-plugin-sdk",
      "version": "0.1.0",
      "extraneous": true,
      "license": "Apache-2.0",
      "dependencies": {
        "as-fetch": "^2.1.4",
        "as-wasi": "^0.6.0"
      },
      "devDependencies": {
        "assemblyscript": "^0.27.0"
      }
    },
    "node_modules/@assemblyscript/wasi-shim": {
      "version": "0.1.0",
      "resolved": "https://registry.npmjs.org/@assemblyscript/wasi-shim/-/wasi-shim-0.1.0.tgz",
      "integrity": "sha512-fSLH7MdJHf2uDW5llA5VCF/CG62Jp2WkYGui9/3vIWs3jDhViGeQF7nMYLUjpigluM5fnq61I6obtCETy39FZw==",
      "license": "Apache-2.0",
      "funding": {
        "type": "opencollective",
        "url": "https://opencollective.com/assemblyscript"
      }
    },
    "node_modules/as-fetch": {
      "version": "2.1.4",
      "resolved": "https://registry.npmjs.org/as-fetch/-/as-fetch-2.1.4.tgz",
      "integrity": "sha512-/Qu8lMtNHQFyLxjryrzbkXbTndTGY0VztuittBjdAxc5DEdIad1hOvRrE3Q1ZlpOiRJH4fjT652Nl0r1oz5R1Q==",
      "license": "MIT",
      "dependencies": {
        "json-as": "^0.5.52"
      }
    },
    "node_modules/as-string-sink": {
      "version": "0.5.3",
      "resolved": "https://registry.npmjs.org/as-string-sink/-/as-string-sink-0.5.3.tgz",
      "integrity": "sha512-DN/QqfptDhi4FaBqehMN9wH5Dl/PcTSfCfzSmcdtf3OVYYIEip5iyVUcS6t40BAP/OoUwtxCCbD/dlr2kVG+3Q==",
      "license": "MIT"
    },
    "node_modules/as-variant": {
      "version": "0.4.1",
      "resolved": "https://registry.npmjs.org/as-variant/-/as-variant-0.4.1.tgz",
      "integrity": "sha512-NCeerOfp1JRXRcT4WCqOBANPoDTE2zqS4eN+jPtdyNWJybUgG/rX9ugUxICkSQZzCfnG84zzxr3osQbjAkyiww==",
      "license": "MIT"
    },
    "node_modules/as-virtual": {
      "version": "0.1.9",
      "resolved": "https://registry.npmjs.org/as-virtual/-/as-virtual-0.1.9.tgz",
      "integrity": "sha512-R1nR7TT0KcROL/TxSXmiX2Q+7CgUMrjT/y9IP07StStqWs32KT2mpadJNF//yHWRaIJWe6atqTqO0JzsdhkPcQ==",
      "license": "MIT"
    },
    "node_modules/as-wasi": {
      "version": "0.6.0",
      "resolved": "https://registry.npmjs.org/as-wasi/-/as-wasi-0.6.0.tgz",
      "integrity": "sha512-2EHzHhkdnDrgSuO6a1Lm0k/DIxjeupBUpDmli1xpB74y9ArQuvEunc1LqyPT4yfx10lTyaYkzDmelBAcasQH6g==",
      "dependencies": {
        "@assemblyscript/wasi-shim": "^0.1"
      }
    },
    "node_modules/assemblyscript": {
      "version": "0.27.37",
      "resolved": "https://registry.npmjs.org/assemblyscript/-/assemblyscript-0.27.37.tgz",
      "integrity": "sha512-YtY5k3PiV3SyUQ6gRlR2OCn8dcVRwkpiG/k2T5buoL2ymH/Z/YbaYWbk/f9mO2HTgEtGWjPiAQrIuvA7G/63Gg==",
      "dev": true,
      "license": "Apache-2.0",
      "dependencies": {
        "binaryen": "116.0.0-nightly.20240114",
        "long": "^5.2.4"
      },
      "bin": {
        "asc": "bin/asc.js",
        "asinit": "bin/asinit.js"
      },
      "engines": {
        "node": ">=18",
        "npm": ">=10"
      },
      "funding": {
        "type": "opencollective",
        "url": "https://opencollective.com/assemblyscript"
      }
    },
    "node_modules/binaryen": {
      "version": "116.0.0-nightly.20240114",
      "resolved": "https://registry.npmjs.org/binaryen/-/binaryen-116.0.0-nightly.20240114.tgz",
      "integrity": "sha512-0GZrojJnuhoe+hiwji7QFaL3tBlJoA+KFUN7ouYSDGZLSo9CKM8swQX8n/UcbR0d1VuZKU+nhogNzv423JEu5A==",
      "dev": true,
      "license": "Apache-2.0",
      "bin": {
        "wasm-opt": "bin/wasm-opt",
        "wasm2js": "bin/wasm2js"
      }
    },
    "node_modules/json-as": {
      "version": "0.5.67",
      "resolved": "https://registry.npmjs.org/json-as/-/json-as-0.5.67.tgz",
      "integrity": "sha512-DLIoK/JHUFYp9sn8XQ/Q2sM1b3dstt7XF/WTpwHI/6XUVuone7uIRKdiIxYWJcIPK1SinQsGg9MSLMBdUW2HlQ==",
      "license": "MIT",
      "dependencies": {
        "as-string-sink": "^0.5.3",
        "as-variant": "^0.4.1",
        "as-virtual": "^0.1.9"
      }
    },
    "node_modules/long": {
      "version": "5.3.2",
      "resolved": "https://registry.npmjs.org/long/-/long-5.3.2.tgz",
      "integrity": "sha512-mNAgZ1GmyNhD7AuqnTG3/VQ26o760+ZYBPKjPvugO8+nLbYfX6TVpJPseBvopbdY+qpZ/lKUnmEc1LeZYS3QAA==",
      "dev": true,
      "license": "Apache-2.0"
    },
    "node_modules/signalk-assemblyscript-plugin-sdk": {
      "version": "0.1.0",
      "resolved": "https://registry.npmjs.org/signalk-assemblyscript-plugin-sdk/-/signalk-assemblyscript-plugin-sdk-0.1.0.tgz",
      "integrity": "sha512-1nDqpWXZqiu0MaVBGglztQHNwVWhIdavDnXbyn37u7yxNwu8iOGzOn8xNSTX1vtSvARu8MieTJr9MSsL9+icsg==",
      "license": "Apache-2.0",
      "dependencies": {
        "as-fetch": "^2.1.4",
        "as-wasi": "^0.6.0"
      }
    }
  }
}
